
Microsoft Visual Studio Solution File, Format Version 12.00
Project("{FAE04EC0-301F-11D3-BF4B-00C04F79EFBC}") = "WebStore", "WebStore.csproj", "{F71E5D92-2D31-460D-ACA3-6244F88284BA}"
EndProject
Global
	GlobalSection(SolutionConfigurationPlatforms) = preSolution
		Debug|Any CPU = Debug|Any CPU
		Release|Any CPU = Release|Any CPU
	EndGlobalSection
	GlobalSection(ProjectConfigurationPlatforms) = postSolution
		{F71E5D92-2D31-460D-ACA3-6244F88284BA}.Debug|Any CPU.ActiveCfg = Debug|Any CPU
		{F71E5D92-2D31-460D-ACA3-6244F88284BA}.Debug|Any CPU.Build.0 = Debug|Any CPU
		{F71E5D92-2D31-460D-ACA3-6244F88284BA}.Release|Any CPU.ActiveCfg = Release|Any CPU
		{F71E5D92-2D31-460D-ACA3-6244F88284BA}.Release|Any CPU.Build.0 = Release|Any CPU
	EndGlobalSection
EndGlobal
